
Microsoft Visual Studio Solution File, Format Version 12.00
# Visual Studio Version 17
VisualStudioVersion = 17.12.35527.113
MinimumVisualStudioVersion = 10.0.40219.1
Project("{FAE04EC0-301F-11D3-BF4B-00C04F79EFBC}") = "ChileCacheJson", "ChileCacheJson\ChileCacheJson.csproj", "{50316F3E-B1AC-4264-92C0-11EAE7A03CA8}"
EndProject
Project("{FAE04EC0-301F-11D3-BF4B-00C04F79EFBC}") = "ChileCacheEntity", "ChileCacheEntity\ChileCacheEntity.csproj", "{618D54E4-9FFB-4984-8E80-B5A4A84DBFAB}"
EndProject
Global
	GlobalSection(SolutionConfigurationPlatforms) = preSolution
		Debug|Any CPU = Debug|Any CPU
		Release|Any CPU = Release|Any CPU
	EndGlobalSection
	GlobalSection(ProjectConfigurationPlatforms) = postSolution
		{50316F3E-B1AC-4264-92C0-11EAE7A03CA8}.Debug|Any CPU.ActiveCfg = Debug|Any CPU
		{50316F3E-B1AC-4264-92C0-11EAE7A03CA8}.Debug|Any CPU.Build.0 = Debug|Any CPU
		{50316F3E-B1AC-4264-92C0-11EAE7A03CA8}.Release|Any CPU.ActiveCfg = Release|Any CPU
		{50316F3E-B1AC-4264-92C0-11EAE7A03CA8}.Release|Any CPU.Build.0 = Release|Any CPU
		{618D54E4-9FFB-4984-8E80-B5A4A84DBFAB}.Debug|Any CPU.ActiveCfg = Debug|Any CPU
		{618D54E4-9FFB-4984-8E80-B5A4A84DBFAB}.Debug|Any CPU.Build.0 = Debug|Any CPU
		{618D54E4-9FFB-4984-8E80-B5A4A84DBFAB}.Release|Any CPU.ActiveCfg = Release|Any CPU
		{618D54E4-9FFB-4984-8E80-B5A4A84DBFAB}.Release|Any CPU.Build.0 = Release|Any CPU
	EndGlobalSection
	GlobalSection(SolutionProperties) = preSolution
		HideSolutionNode = FALSE
	EndGlobalSection
EndGlobal
